// !$*UTF8*$!
{
	archiveVersion = 1;
	classes = {
	};
	objectVersion = 56;
	objects = {

/* Begin PBXBuildFile section */
		A32B05132AB8871F00E3BCF8 /* calisthenicsApp.swift in Sources */ = {isa = PBXBuildFile; fileRef = A32B05122AB8871F00E3BCF8 /* calisthenicsApp.swift */; };
		A32B05172AB8872300E3BCF8 /* Assets.xcassets in Resources */ = {isa = PBXBuildFile; fileRef = A32B05162AB8872300E3BCF8 /* Assets.xcassets */; };
		A32B051A2AB8872300E3BCF8 /* Preview Assets.xcassets in Resources */ = {isa = PBXBuildFile; fileRef = A32B05192AB8872300E3BCF8 /* Preview Assets.xcassets */; };
		A36793492AB9D57C00113514 /* data.json in Resources */ = {isa = PBXBuildFile; fileRef = A36793482AB9D57B00113514 /* data.json */; };
		A367934B2AB9DD1300113514 /* Skill.swift in Sources */ = {isa = PBXBuildFile; fileRef = A367934A2AB9DD1300113514 /* Skill.swift */; };
		A367934D2AB9DE4800113514 /* ViewModel.swift in Sources */ = {isa = PBXBuildFile; fileRef = A367934C2AB9DE4800113514 /* ViewModel.swift */; };
		A36793502ABAE02500113514 /* DataService.swift in Sources */ = {isa = PBXBuildFile; fileRef = A367934F2ABAE02500113514 /* DataService.swift */; };
		A36793522ABAE2B800113514 /* SkillListView.swift in Sources */ = {isa = PBXBuildFile; fileRef = A36793512ABAE2B800113514 /* SkillListView.swift */; };
		A36793542ABAEE4F00113514 /* SkillDetailView.swift in Sources */ = {isa = PBXBuildFile; fileRef = A36793532ABAEE4F00113514 /* SkillDetailView.swift */; };
		A36793562ABAFDFE00113514 /* SkillinDepthView.swift in Sources */ = {isa = PBXBuildFile; fileRef = A36793552ABAFDFE00113514 /* SkillinDepthView.swift */; };
		A3E5D4802ABC56E300857926 /* SkillTabView.swift in Sources */ = {isa = PBXBuildFile; fileRef = A3E5D47F2ABC56E300857926 /* SkillTabView.swift */; };
/* End PBXBuildFile section */

/* Begin PBXFileReference section */
		A32B050F2AB8871F00E3BCF8 /* calisthenics.app */ = {isa = PBXFileReference; explicitFileType = wrapper.application; includeInIndex = 0; path = calisthenics.app; sourceTree = BUILT_PRODUCTS_DIR; };
		A32B05122AB8871F00E3BCF8 /* calisthenicsApp.swift */ = {isa = PBXFileReference; lastKnownFileType = sourcecode.swift; path = calisthenicsApp.swift; sourceTree = "<group>"; };
		A32B05162AB8872300E3BCF8 /* Assets.xcassets */ = {isa = PBXFileReference; lastKnownFileType = folder.assetcatalog; path = Assets.xcassets; sourceTree = "<group>"; };
		A32B05192AB8872300E3BCF8 /* Preview Assets.xcassets */ = {isa = PBXFileReference; lastKnownFileType = folder.assetcatalog; path = "Preview Assets.xcassets"; sourceTree = "<group>"; };
		A36793482AB9D57B00113514 /* data.json */ = {isa = PBXFileReference; lastKnownFileType = text.json; path = data.json; sourceTree = "<group>"; };
		A367934A2AB9DD1300113514 /* Skill.swift */ = {isa = PBXFileReference; lastKnownFileType = sourcecode.swift; path = Skill.swift; sourceTree = "<group>"; };
		A367934C2AB9DE4800113514 /* ViewModel.swift */ = {isa = PBXFileReference; lastKnownFileType = sourcecode.swift; path = ViewModel.swift; sourceTree = "<group>"; };
		A367934F2ABAE02500113514 /* DataService.swift */ = {isa = PBXFileReference; lastKnownFileType = sourcecode.swift; path = DataService.swift; sourceTree = "<group>"; };
		A36793512ABAE2B800113514 /* SkillListView.swift */ = {isa = PBXFileReference; lastKnownFileType = sourcecode.swift; path = SkillListView.swift; sourceTree = "<group>"; };
		A36793532ABAEE4F00113514 /* SkillDetailView.swift */ = {isa = PBXFileReference; lastKnownFileType = sourcecode.swift; path = SkillDetailView.swift; sourceTree = "<group>"; };
		A36793552ABAFDFE00113514 /* SkillinDepthView.swift */ = {isa = PBXFileReference; lastKnownFileType = sourcecode.swift; path = SkillinDepthView.swift; sourceTree = "<group>"; };
		A3E5D47F2ABC56E300857926 /* SkillTabView.swift */ = {isa = PBXFileReference; lastKnownFileType = sourcecode.swift; path = SkillTabView.swift; sourceTree = "<group>"; };
/* End PBXFileReference section */

/* Begin PBXFrameworksBuildPhase section */
		A32B050C2AB8871F00E3BCF8 /* Frameworks */ = {
			isa = PBXFrameworksBuildPhase;
			buildActionMask = 2147483647;
			files = (
			);
			runOnlyForDeploymentPostprocessing = 0;
		};
/* End PBXFrameworksBuildPhase section */

/* Begin PBXGroup section */
		A32B05062AB8871F00E3BCF8 = {
			isa = PBXGroup;
			children = (
				A32B05112AB8871F00E3BCF8 /* calisthenics */,
				A32B05102AB8871F00E3BCF8 /* Products */,
			);
			sourceTree = "<group>";
		};
		A32B05102AB8871F00E3BCF8 /* Products */ = {
			isa = PBXGroup;
			children = (
				A32B050F2AB8871F00E3BCF8 /* calisthenics.app */,
			);
			name = Products;
			sourceTree = "<group>";
		};
		A32B05112AB8871F00E3BCF8 /* calisthenics */ = {
			isa = PBXGroup;
			children = (
				A32B05122AB8871F00E3BCF8 /* calisthenicsApp.swift */,
				A367934E2ABAE01000113514 /* Services */,
				A32B05232AB887A100E3BCF8 /* Data */,
				A32B05222AB8879600E3BCF8 /* Models */,
				A32B05212AB8879000E3BCF8 /* ViewModels */,
				A32B05202AB8877500E3BCF8 /* Views */,
				A32B05162AB8872300E3BCF8 /* Assets.xcassets */,
				A32B05182AB8872300E3BCF8 /* Preview Content */,
				A36793482AB9D57B00113514 /* data.json */,
			);
			path = calisthenics;
			sourceTree = "<group>";
		};
		A32B05182AB8872300E3BCF8 /* Preview Content */ = {
			isa = PBXGroup;
			children = (
				A32B05192AB8872300E3BCF8 /* Preview Assets.xcassets */,
			);
			path = "Preview Content";
			sourceTree = "<group>";
		};
		A32B05202AB8877500E3BCF8 /* Views */ = {
			isa = PBXGroup;
			children = (
				A36793512ABAE2B800113514 /* SkillListView.swift */,
				A36793532ABAEE4F00113514 /* SkillDetailView.swift */,
				A36793552ABAFDFE00113514 /* SkillinDepthView.swift */,
				A3E5D47F2ABC56E300857926 /* SkillTabView.swift */,
			);
			path = Views;
			sourceTree = "<group>";
		};
		A32B05212AB8879000E3BCF8 /* ViewModels */ = {
			isa = PBXGroup;
			children = (
				A367934C2AB9DE4800113514 /* ViewModel.swift */,
			);
			path = ViewModels;
			sourceTree = "<group>";
		};
		A32B05222AB8879600E3BCF8 /* Models */ = {
			isa = PBXGroup;
			children = (
				A367934A2AB9DD1300113514 /* Skill.swift */,
			);
			path = Models;
			sourceTree = "<group>";
		};
		A32B05232AB887A100E3BCF8 /* Data */ = {
			isa = PBXGroup;
			children = (
			);
			path = Data;
			sourceTree = "<group>";
		};
		A367934E2ABAE01000113514 /* Services */ = {
			isa = PBXGroup;
			children = (
				A367934F2ABAE02500113514 /* DataService.swift */,
			);
			path = Services;
			sourceTree = "<group>";
		};
/* End PBXGroup section */

/* Begin PBXNativeTarget section */
		A32B050E2AB8871F00E3BCF8 /* calisthenics */ = {
			isa = PBXNativeTarget;
			buildConfigurationList = A32B051D2AB8872300E3BCF8 /* Build configuration list for PBXNativeTarget "calisthenics" */;
			buildPhases = (
				A32B050B2AB8871F00E3BCF8 /* Sources */,
				A32B050C2AB8871F00E3BCF8 /* Frameworks */,
				A32B050D2AB8871F00E3BCF8 /* Resources */,
			);
			buildRules = (
			);
			dependencies = (
			);
			name = calisthenics;
			productName = calisthenics;
			productReference = A32B050F2AB8871F00E3BCF8 /* calisthenics.app */;
			productType = "com.apple.product-type.application";
		};
/* End PBXNativeTarget section */

/* Begin PBXProject section */
		A32B05072AB8871F00E3BCF8 /* Project object */ = {
			isa = PBXProject;
			attributes = {
				BuildIndependentTargetsInParallel = 1;
				LastSwiftUpdateCheck = 1430;
				LastUpgradeCheck = 1430;
				TargetAttributes = {
					A32B050E2AB8871F00E3BCF8 = {
						CreatedOnToolsVersion = 14.3.1;
					};
				};
			};
			buildConfigurationList = A32B050A2AB8871F00E3BCF8 /* Build configuration list for PBXProject "calisthenics" */;
			compatibilityVersion = "Xcode 14.0";
			developmentRegion = en;
			hasScannedForEncodings = 0;
			knownRegions = (
				en,
				Base,
			);
			mainGroup = A32B05062AB8871F00E3BCF8;
			productRefGroup = A32B05102AB8871F00E3BCF8 /* Products */;
			projectDirPath = "";
			projectRoot = "";
			targets = (
				A32B050E2AB8871F00E3BCF8 /* calisthenics */,
			);
		};
/* End PBXProject section */

/* Begin PBXResourcesBuildPhase section */
		A32B050D2AB8871F00E3BCF8 /* Resources */ = {
			isa = PBXResourcesBuildPhase;
			buildActionMask = 2147483647;
			files = (
				A32B051A2AB8872300E3BCF8 /* Preview Assets.xcassets in Resources */,
				A36793492AB9D57C00113514 /* data.json in Resources */,
				A32B05172AB8872300E3BCF8 /* Assets.xcassets in Resources */,
			);
			runOnlyForDeploymentPostprocessing = 0;
		};
/* End PBXResourcesBuildPhase section */

/* Begin PBXSourcesBuildPhase section */
		A32B050B2AB8871F00E3BCF8 /* Sources */ = {
			isa = PBXSourcesBuildPhase;
			buildActionMask = 2147483647;
			files = (
				A367934B2AB9DD1300113514 /* Skill.swift in Sources */,
				A36793542ABAEE4F00113514 /* SkillDetailView.swift in Sources */,
				A36793522ABAE2B800113514 /* SkillListView.swift in Sources */,
				A367934D2AB9DE4800113514 /* ViewModel.swift in Sources */,
				A36793562ABAFDFE00113514 /* SkillinDepthView.swift in Sources */,
				A32B05132AB8871F00E3BCF8 /* calisthenicsApp.swift in Sources */,
				A3E5D4802ABC56E300857926 /* SkillTabView.swift in Sources */,
				A36793502ABAE02500113514 /* DataService.swift in Sources */,
			);
			runOnlyForDeploymentPostprocessing = 0;
		};
/* End PBXSourcesBuildPhase section */

/* Begin XCBuildConfiguration section */
		A32B051B2AB8872300E3BCF8 /* Debug */ = {
			isa = XCBuildConfiguration;
			buildSettings = {
				ALWAYS_SEARCH_USER_PATHS = NO;
				CLANG_ANALYZER_NONNULL = YES;
				CLANG_ANALYZER_NUMBER_OBJECT_CONVERSION = YES_AGGRESSIVE;
				CLANG_CXX_LANGUAGE_STANDARD = "gnu++20";
				CLANG_ENABLE_MODULES = YES;
				CLANG_ENABLE_OBJC_ARC = YES;
				CLANG_ENABLE_OBJC_WEAK = YES;
				CLANG_WARN_BLOCK_CAPTURE_AUTORELEASING = YES;
				CLANG_WARN_BOOL_CONVERSION = YES;
				CLANG_WARN_COMMA = YES;
				CLANG_WARN_CONSTANT_CONVERSION = YES;
				CLANG_WARN_DEPRECATED_OBJC_IMPLEMENTATIONS = YES;
				CLANG_WARN_DIRECT_OBJC_ISA_USAGE = YES_ERROR;
				CLANG_WARN_DOCUMENTATION_COMMENTS = YES;
				CLANG_WARN_EMPTY_BODY = YES;
				CLANG_WARN_ENUM_CONVERSION = YES;
				CLANG_WARN_INFINITE_RECURSION = YES;
				CLANG_WARN_INT_CONVERSION = YES;
				CLANG_WARN_NON_LITERAL_NULL_CONVERSION = YES;
				CLANG_WARN_OBJC_IMPLICIT_RETAIN_SELF = YES;
				CLANG_WARN_OBJC_LITERAL_CONVERSION = YES;
				CLANG_WARN_OBJC_ROOT_CLASS = YES_ERROR;
				CLANG_WARN_QUOTED_INCLUDE_IN_FRAMEWORK_HEADER = YES;
				CLANG_WARN_RANGE_LOOP_ANALYSIS = YES;
				CLANG_WARN_STRICT_PROTOTYPES = YES;
				CLANG_WARN_SUSPICIOUS_MOVE = YES;
				CLANG_WARN_UNGUARDED_AVAILABILITY = YES_AGGRESSIVE;
				CLANG_WARN_UNREACHABLE_CODE = YES;
				CLANG_WARN__DUPLICATE_METHOD_MATCH = YES;
				COPY_PHASE_STRIP = NO;
				DEBUG_INFORMATION_FORMAT = dwarf;
				ENABLE_STRICT_OBJC_MSGSEND = YES;
				ENABLE_TESTABILITY = YES;
				GCC_C_LANGUAGE_STANDARD = gnu11;
				GCC_DYNAMIC_NO_PIC = NO;
				GCC_NO_COMMON_BLOCKS = YES;
				GCC_OPTIMIZATION_LEVEL = 0;
				GCC_PREPROCESSOR_DEFINITIONS = (
					"DEBUG=1",
					"$(inherited)",
				);
				GCC_WARN_64_TO_32_BIT_CONVERSION = YES;
				GCC_WARN_ABOUT_RETURN_TYPE = YES_ERROR;
				GCC_WARN_UNDECLARED_SELECTOR = YES;
				GCC_WARN_UNINITIALIZED_AUTOS = YES_AGGRESSIVE;
				GCC_WARN_UNUSED_FUNCTION = YES;
				GCC_WARN_UNUSED_VARIABLE = YES;
				IPHONEOS_DEPLOYMENT_TARGET = 16.4;
				MTL_ENABLE_DEBUG_INFO = INCLUDE_SOURCE;
				MTL_FAST_MATH = YES;
				ONLY_ACTIVE_ARCH = YES;
				SDKROOT = iphoneos;
				SWIFT_ACTIVE_COMPILATION_CONDITIONS = DEBUG;
				SWIFT_OPTIMIZATION_LEVEL = "-Onone";
			};
			name = Debug;
		};
		A32B051C2AB8872300E3BCF8 /* Release */ = {
			isa = XCBuildConfiguration;
			buildSettings = {
				ALWAYS_SEARCH_USER_PATHS = NO;
				CLANG_ANALYZER_NONNULL = YES;
				CLANG_ANALYZER_NUMBER_OBJECT_CONVERSION = YES_AGGRESSIVE;
				CLANG_CXX_LANGUAGE_STANDARD = "gnu++20";
				CLANG_ENABLE_MODULES = YES;
				CLANG_ENABLE_OBJC_ARC = YES;
				CLANG_ENABLE_OBJC_WEAK = YES;
				CLANG_WARN_BLOCK_CAPTURE_AUTORELEASING = YES;
				CLANG_WARN_BOOL_CONVERSION = YES;
				CLANG_WARN_COMMA = YES;
				CLANG_WARN_CONSTANT_CONVERSION = YES;
				CLANG_WARN_DEPRECATED_OBJC_IMPLEMENTATIONS = YES;
				CLANG_WARN_DIRECT_OBJC_ISA_USAGE = YES_ERROR;
				CLANG_WARN_DOCUMENTATION_COMMENTS = YES;
				CLANG_WARN_EMPTY_BODY = YES;
				CLANG_WARN_ENUM_CONVERSION = YES;
				CLANG_WARN_INFINITE_RECURSION = YES;
				CLANG_WARN_INT_CONVERSION = YES;
				CLANG_WARN_NON_LITERAL_NULL_CONVERSION = YES;
				CLANG_WARN_OBJC_IMPLICIT_RETAIN_SELF = YES;
				CLANG_WARN_OBJC_LITERAL_CONVERSION = YES;
				CLANG_WARN_OBJC_ROOT_CLASS = YES_ERROR;
				CLANG_WARN_QUOTED_INCLUDE_IN_FRAMEWORK_HEADER = YES;
				CLANG_WARN_RANGE_LOOP_ANALYSIS = YES;
				CLANG_WARN_STRICT_PROTOTYPES = YES;
				CLANG_WARN_SUSPICIOUS_MOVE = YES;
				CLANG_WARN_UNGUARDED_AVAILABILITY = YES_AGGRESSIVE;
				CLANG_WARN_UNREACHABLE_CODE = YES;
				CLANG_WARN__DUPLICATE_METHOD_MATCH = YES;
				COPY_PHASE_STRIP = NO;
				DEBUG_INFORMATION_FORMAT = "dwarf-with-dsym";
				ENABLE_NS_ASSERTIONS = NO;
				ENABLE_STRICT_OBJC_MSGSEND = YES;
				GCC_C_LANGUAGE_STANDARD = gnu11;
				GCC_NO_COMMON_BLOCKS = YES;
				GCC_WARN_64_TO_32_BIT_CONVERSION = YES;
				GCC_WARN_ABOUT_RETURN_TYPE = YES_ERROR;
				GCC_WARN_UNDECLARED_SELECTOR = YES;
				GCC_WARN_UNINITIALIZED_AUTOS = YES_AGGRESSIVE;
				GCC_WARN_UNUSED_FUNCTION = YES;
				GCC_WARN_UNUSED_VARIABLE = YES;
				IPHONEOS_DEPLOYMENT_TARGET = 16.4;
				MTL_ENABLE_DEBUG_INFO = NO;
				MTL_FAST_MATH = YES;
				SDKROOT = iphoneos;
				SWIFT_COMPILATION_MODE = wholemodule;
				SWIFT_OPTIMIZATION_LEVEL = "-O";
				VALIDATE_PRODUCT = YES;
			};
			name = Release;
		};
		A32B051E2AB8872300E3BCF8 /* Debug */ = {
			isa = XCBuildConfiguration;
			buildSettings = {
				ASSETCATALOG_COMPILER_APPICON_NAME = AppIcon;
				ASSETCATALOG_COMPILER_GLOBAL_ACCENT_COLOR_NAME = AccentColor;
				CODE_SIGN_STYLE = Automatic;
				CURRENT_PROJECT_VERSION = 1;
				DEVELOPMENT_ASSET_PATHS = "\"calisthenics/Preview Content\"";
				DEVELOPMENT_TEAM = 33KG33NLFD;
				ENABLE_PREVIEWS = YES;
				GENERATE_INFOPLIST_FILE = YES;
				INFOPLIST_KEY_UIApplicationSceneManifest_Generation = YES;
				INFOPLIST_KEY_UIApplicationSupportsIndirectInputEvents = YES;
				INFOPLIST_KEY_UILaunchScreen_Generation = YES;
				INFOPLIST_KEY_UISupportedInterfaceOrientations_iPad = "UIInterfaceOrientationPortrait UIInterfaceOrientationPortraitUpsideDown UIInterfaceOrientationLandscapeLeft UIInterfaceOrientationLandscapeRight";
				INFOPLIST_KEY_UISupportedInterfaceOrientations_iPhone = "UIInterfaceOrientationPortrait UIInterfaceOrientationLandscapeLeft UIInterfaceOrientationLandscapeRight";
				LD_RUNPATH_SEARCH_PATHS = (
					"$(inherited)",
					"@executable_path/Frameworks",
				);
				MARKETING_VERSION = 1.0;
				PRODUCT_BUNDLE_IDENTIFIER = com.tayamirai.calisthenics;
				PRODUCT_NAME = "$(TARGET_NAME)";
				SWIFT_EMIT_LOC_STRINGS = YES;
				SWIFT_VERSION = 5.0;
				TARGETED_DEVICE_FAMILY = "1,2";
			};
			name = Debug;
		};
		A32B051F2AB8872300E3BCF8 /* Release */ = {
			isa = XCBuildConfiguration;
			buildSettings = {
				ASSETCATALOG_COMPILER_APPICON_NAME = AppIcon;
				ASSETCATALOG_COMPILER_GLOBAL_ACCENT_COLOR_NAME = AccentColor;
				CODE_SIGN_STYLE = Automatic;
				CURRENT_PROJECT_VERSION = 1;
				DEVELOPMENT_ASSET_PATHS = "\"calisthenics/Preview Content\"";
				DEVELOPMENT_TEAM = 33KG33NLFD;
				ENABLE_PREVIEWS = YES;
				GENERATE_INFOPLIST_FILE = YES;
				INFOPLIST_KEY_UIApplicationSceneManifest_Generation = YES;
				INFOPLIST_KEY_UIApplicationSupportsIndirectInputEvents = YES;
				INFOPLIST_KEY_UILaunchScreen_Generation = YES;
				INFOPLIST_KEY_UISupportedInterfaceOrientations_iPad = "UIInterfaceOrientationPortrait UIInterfaceOrientationPortraitUpsideDown UIInterfaceOrientationLandscapeLeft UIInterfaceOrientationLandscapeRight";
				INFOPLIST_KEY_UISupportedInterfaceOrientations_iPhone = "UIInterfaceOrientationPortrait UIInterfaceOrientationLandscapeLeft UIInterfaceOrientationLandscapeRight";
				LD_RUNPATH_SEARCH_PATHS = (
					"$(inherited)",
					"@executable_path/Frameworks",
				);
				MARKETING_VERSION = 1.0;
				PRODUCT_BUNDLE_IDENTIFIER = com.tayamirai.calisthenics;
				PRODUCT_NAME = "$(TARGET_NAME)";
				SWIFT_EMIT_LOC_STRINGS = YES;
				SWIFT_VERSION = 5.0;
				TARGETED_DEVICE_FAMILY = "1,2";
			};
			name = Release;
		};
/* End XCBuildConfiguration section */

/* Begin XCConfigurationList section */
		A32B050A2AB8871F00E3BCF8 /* Build configuration list for PBXProject "calisthenics" */ = {
			isa = XCConfigurationList;
			buildConfigurations = (
				A32B051B2AB8872300E3BCF8 /* Debug */,
				A32B051C2AB8872300E3BCF8 /* Release */,
			);
			defaultConfigurationIsVisible = 0;
			defaultConfigurationName = Release;
		};
		A32B051D2AB8872300E3BCF8 /* Build configuration list for PBXNativeTarget "calisthenics" */ = {
			isa = XCConfigurationList;
			buildConfigurations = (
				A32B051E2AB8872300E3BCF8 /* Debug */,
				A32B051F2AB8872300E3BCF8 /* Release */,
			);
			defaultConfigurationIsVisible = 0;
			defaultConfigurationName = Release;
		};
/* End XCConfigurationList section */
	};
	rootObject = A32B05072AB8871F00E3BCF8 /* Project object */;
}
